// !$*UTF8*$!
{
	archiveVersion = 1;
	classes = {
	};
	objectVersion = 46;
	objects = {

/* Begin PBXBuildFile section */
		0D808C8CA96EED7BB897B835 /* Pods_PictoriousUITests.framework in Frameworks */ = {isa = PBXBuildFile; fileRef = 7AEA015308A6B228D89CBE77 /* Pods_PictoriousUITests.framework */; };
		17F17EDAC272BA9AECD4776E /* Pods_PictoriousTests.framework in Frameworks */ = {isa = PBXBuildFile; fileRef = 49041B406A491564C83D322A /* Pods_PictoriousTests.framework */; };
		1DE14904A7DED734E66FD80A /* Pods_Pictorious.framework in Frameworks */ = {isa = PBXBuildFile; fileRef = 1C21B42739198D3BE8ED31A4 /* Pods_Pictorious.framework */; };
		28268A0C1F1A5F96008226F5 /* AppDelegate.swift in Sources */ = {isa = PBXBuildFile; fileRef = 28268A0B1F1A5F96008226F5 /* AppDelegate.swift */; };
		28268A141F1A5F96008226F5 /* Pictorious.xcdatamodeld in Sources */ = {isa = PBXBuildFile; fileRef = 28268A121F1A5F96008226F5 /* Pictorious.xcdatamodeld */; };
		28268A161F1A5F96008226F5 /* Assets.xcassets in Resources */ = {isa = PBXBuildFile; fileRef = 28268A151F1A5F96008226F5 /* Assets.xcassets */; };
		28268A241F1A5F96008226F5 /* PictoriousTests.swift in Sources */ = {isa = PBXBuildFile; fileRef = 28268A231F1A5F96008226F5 /* PictoriousTests.swift */; };
		28268A2F1F1A5F96008226F5 /* PictoriousUITests.swift in Sources */ = {isa = PBXBuildFile; fileRef = 28268A2E1F1A5F96008226F5 /* PictoriousUITests.swift */; };
		28268A3D1F1A607E008226F5 /* Constants.swift in Sources */ = {isa = PBXBuildFile; fileRef = 28268A3C1F1A607E008226F5 /* Constants.swift */; };
		28268A3F1F1A60EB008226F5 /* ModelBase.swift in Sources */ = {isa = PBXBuildFile; fileRef = 28268A3E1F1A60EB008226F5 /* ModelBase.swift */; };
		28268A421F1A6135008226F5 /* User.swift in Sources */ = {isa = PBXBuildFile; fileRef = 28268A411F1A6135008226F5 /* User.swift */; };
		28268A441F1A6159008226F5 /* Story.swift in Sources */ = {isa = PBXBuildFile; fileRef = 28268A431F1A6159008226F5 /* Story.swift */; };
		28268A461F1A6171008226F5 /* Comment.swift in Sources */ = {isa = PBXBuildFile; fileRef = 28268A451F1A6171008226F5 /* Comment.swift */; };
		28268A4A1F1A61B4008226F5 /* Like.swift in Sources */ = {isa = PBXBuildFile; fileRef = 28268A491F1A61B4008226F5 /* Like.swift */; };
		28268A4C1F1A61D6008226F5 /* Favorite.swift in Sources */ = {isa = PBXBuildFile; fileRef = 28268A4B1F1A61D6008226F5 /* Favorite.swift */; };
		28268A4E1F1A6203008226F5 /* WelcomeViewController.swift in Sources */ = {isa = PBXBuildFile; fileRef = 28268A4D1F1A6203008226F5 /* WelcomeViewController.swift */; };
		28268A511F1A623F008226F5 /* AuthPickerViewController.swift in Sources */ = {isa = PBXBuildFile; fileRef = 28268A501F1A623F008226F5 /* AuthPickerViewController.swift */; };
		28268A531F1A6266008226F5 /* FeedViewController.swift in Sources */ = {isa = PBXBuildFile; fileRef = 28268A521F1A6266008226F5 /* FeedViewController.swift */; };
		28268A551F1A628A008226F5 /* StoryViewController.swift in Sources */ = {isa = PBXBuildFile; fileRef = 28268A541F1A628A008226F5 /* StoryViewController.swift */; };
		28268A571F1A62B5008226F5 /* CommentsTableViewController.swift in Sources */ = {isa = PBXBuildFile; fileRef = 28268A561F1A62B5008226F5 /* CommentsTableViewController.swift */; };
		28268A591F1A62DC008226F5 /* CreateViewController.swift in Sources */ = {isa = PBXBuildFile; fileRef = 28268A581F1A62DC008226F5 /* CreateViewController.swift */; };
		28268A5B1F1A62FC008226F5 /* ProfileViewController.swift in Sources */ = {isa = PBXBuildFile; fileRef = 28268A5A1F1A62FC008226F5 /* ProfileViewController.swift */; };
		28268A5D1F1A632B008226F5 /* ProfileFeedViewController.swift in Sources */ = {isa = PBXBuildFile; fileRef = 28268A5C1F1A632B008226F5 /* ProfileFeedViewController.swift */; };
		28268A5F1F1A634B008226F5 /* EditProfileViewController.swift in Sources */ = {isa = PBXBuildFile; fileRef = 28268A5E1F1A634B008226F5 /* EditProfileViewController.swift */; };
		28268A611F1A6360008226F5 /* BannerViewController.swift in Sources */ = {isa = PBXBuildFile; fileRef = 28268A601F1A6360008226F5 /* BannerViewController.swift */; };
		28268A631F1A640F008226F5 /* CommentTableViewCell.swift in Sources */ = {isa = PBXBuildFile; fileRef = 28268A621F1A640F008226F5 /* CommentTableViewCell.swift */; };
		28268A661F1A646A008226F5 /* StoryTableViewCell.swift in Sources */ = {isa = PBXBuildFile; fileRef = 28268A651F1A646A008226F5 /* StoryTableViewCell.swift */; };
		28268A6C1F1A64E8008226F5 /* UserTableViewCell.swift in Sources */ = {isa = PBXBuildFile; fileRef = 28268A6B1F1A64E8008226F5 /* UserTableViewCell.swift */; };
		28268A6E1F1A6503008226F5 /* ViewHelper.swift in Sources */ = {isa = PBXBuildFile; fileRef = 28268A6D1F1A6503008226F5 /* ViewHelper.swift */; };
		28268A701F1A6522008226F5 /* ProfileView.swift in Sources */ = {isa = PBXBuildFile; fileRef = 28268A6F1F1A6522008226F5 /* ProfileView.swift */; };
		28268A731F1A6557008226F5 /* AuthLogoView.xib in Resources */ = {isa = PBXBuildFile; fileRef = 28268A721F1A6557008226F5 /* AuthLogoView.xib */; };
		28268A751F1A661B008226F5 /* Main.storyboard in Resources */ = {isa = PBXBuildFile; fileRef = 28268A741F1A661B008226F5 /* Main.storyboard */; };
		285F483F1F1A691800A8575E /* Launch Screen.storyboard in Resources */ = {isa = PBXBuildFile; fileRef = 285F483E1F1A691800A8575E /* Launch Screen.storyboard */; };
		28FA9FFE1F1C9FB4002D7E3E /* GoogleService-Info.plist in Resources */ = {isa = PBXBuildFile; fileRef = 28FA9FFD1F1C9FB4002D7E3E /* GoogleService-Info.plist */; };
/* End PBXBuildFile section */

/* Begin PBXContainerItemProxy section */
		28268A201F1A5F96008226F5 /* PBXContainerItemProxy */ = {
			isa = PBXContainerItemProxy;
			containerPortal = 28268A001F1A5F96008226F5 /* Project object */;
			proxyType = 1;
			remoteGlobalIDString = 28268A071F1A5F96008226F5;
			remoteInfo = Pictorious;
		};
		28268A2B1F1A5F96008226F5 /* PBXContainerItemProxy */ = {
			isa = PBXContainerItemProxy;
			containerPortal = 28268A001F1A5F96008226F5 /* Project object */;
			proxyType = 1;
			remoteGlobalIDString = 28268A071F1A5F96008226F5;
			remoteInfo = Pictorious;
		};
/* End PBXContainerItemProxy section */

/* Begin PBXFileReference section */
		1C21B42739198D3BE8ED31A4 /* Pods_Pictorious.framework */ = {isa = PBXFileReference; explicitFileType = wrapper.framework; includeInIndex = 0; path = Pods_Pictorious.framework; sourceTree = BUILT_PRODUCTS_DIR; };
		1C5B29AC77827CB0888E7B0F /* Pods-PictoriousUITests.release.xcconfig */ = {isa = PBXFileReference; includeInIndex = 1; lastKnownFileType = text.xcconfig; name = "Pods-PictoriousUITests.release.xcconfig"; path = "Pods/Target Support Files/Pods-PictoriousUITests/Pods-PictoriousUITests.release.xcconfig"; sourceTree = "<group>"; };
		28268A081F1A5F96008226F5 /* Pictorious.app */ = {isa = PBXFileReference; explicitFileType = wrapper.application; includeInIndex = 0; path = Pictorious.app; sourceTree = BUILT_PRODUCTS_DIR; };
		28268A0B1F1A5F96008226F5 /* AppDelegate.swift */ = {isa = PBXFileReference; lastKnownFileType = sourcecode.swift; path = AppDelegate.swift; sourceTree = "<group>"; };
		28268A131F1A5F96008226F5 /* Pictorious.xcdatamodel */ = {isa = PBXFileReference; lastKnownFileType = wrapper.xcdatamodel; path = Pictorious.xcdatamodel; sourceTree = "<group>"; };
		28268A151F1A5F96008226F5 /* Assets.xcassets */ = {isa = PBXFileReference; lastKnownFileType = folder.assetcatalog; path = Assets.xcassets; sourceTree = "<group>"; };
		28268A1A1F1A5F96008226F5 /* Info.plist */ = {isa = PBXFileReference; lastKnownFileType = text.plist.xml; path = Info.plist; sourceTree = "<group>"; };
		28268A1F1F1A5F96008226F5 /* PictoriousTests.xctest */ = {isa = PBXFileReference; explicitFileType = wrapper.cfbundle; includeInIndex = 0; path = PictoriousTests.xctest; sourceTree = BUILT_PRODUCTS_DIR; };
		28268A231F1A5F96008226F5 /* PictoriousTests.swift */ = {isa = PBXFileReference; lastKnownFileType = sourcecode.swift; path = PictoriousTests.swift; sourceTree = "<group>"; };
		28268A251F1A5F96008226F5 /* Info.plist */ = {isa = PBXFileReference; lastKnownFileType = text.plist.xml; path = Info.plist; sourceTree = "<group>"; };
		28268A2A1F1A5F96008226F5 /* PictoriousUITests.xctest */ = {isa = PBXFileReference; explicitFileType = wrapper.cfbundle; includeInIndex = 0; path = PictoriousUITests.xctest; sourceTree = BUILT_PRODUCTS_DIR; };
		28268A2E1F1A5F96008226F5 /* PictoriousUITests.swift */ = {isa = PBXFileReference; lastKnownFileType = sourcecode.swift; path = PictoriousUITests.swift; sourceTree = "<group>"; };
		28268A301F1A5F96008226F5 /* Info.plist */ = {isa = PBXFileReference; lastKnownFileType = text.plist.xml; path = Info.plist; sourceTree = "<group>"; };
		28268A3C1F1A607E008226F5 /* Constants.swift */ = {isa = PBXFileReference; fileEncoding = 4; lastKnownFileType = sourcecode.swift; path = Constants.swift; sourceTree = "<group>"; };
		28268A3E1F1A60EB008226F5 /* ModelBase.swift */ = {isa = PBXFileReference; fileEncoding = 4; lastKnownFileType = sourcecode.swift; name = ModelBase.swift; path = Model/ModelBase.swift; sourceTree = "<group>"; };
		28268A411F1A6135008226F5 /* User.swift */ = {isa = PBXFileReference; fileEncoding = 4; lastKnownFileType = sourcecode.swift; name = User.swift; path = Model/User.swift; sourceTree = "<group>"; };
		28268A431F1A6159008226F5 /* Story.swift */ = {isa = PBXFileReference; fileEncoding = 4; lastKnownFileType = sourcecode.swift; name = Story.swift; path = Model/Story.swift; sourceTree = "<group>"; };
		28268A451F1A6171008226F5 /* Comment.swift */ = {isa = PBXFileReference; fileEncoding = 4; lastKnownFileType = sourcecode.swift; name = Comment.swift; path = Model/Comment.swift; sourceTree = "<group>"; };
		28268A491F1A61B4008226F5 /* Like.swift */ = {isa = PBXFileReference; fileEncoding = 4; lastKnownFileType = sourcecode.swift; name = Like.swift; path = Model/Like.swift; sourceTree = "<group>"; };
		28268A4B1F1A61D6008226F5 /* Favorite.swift */ = {isa = PBXFileReference; fileEncoding = 4; lastKnownFileType = sourcecode.swift; name = Favorite.swift; path = Model/Favorite.swift; sourceTree = "<group>"; };
		28268A4D1F1A6203008226F5 /* WelcomeViewController.swift */ = {isa = PBXFileReference; fileEncoding = 4; lastKnownFileType = sourcecode.swift; name = WelcomeViewController.swift; path = Controllers/WelcomeViewController.swift; sourceTree = "<group>"; };
		28268A501F1A623F008226F5 /* AuthPickerViewController.swift */ = {isa = PBXFileReference; fileEncoding = 4; lastKnownFileType = sourcecode.swift; name = AuthPickerViewController.swift; path = Controllers/AuthPickerViewController.swift; sourceTree = "<group>"; };
		28268A521F1A6266008226F5 /* FeedViewController.swift */ = {isa = PBXFileReference; fileEncoding = 4; lastKnownFileType = sourcecode.swift; name = FeedViewController.swift; path = Controllers/FeedViewController.swift; sourceTree = "<group>"; };
		28268A541F1A628A008226F5 /* StoryViewController.swift */ = {isa = PBXFileReference; fileEncoding = 4; lastKnownFileType = sourcecode.swift; name = StoryViewController.swift; path = Controllers/StoryViewController.swift; sourceTree = "<group>"; };
		28268A561F1A62B5008226F5 /* CommentsTableViewController.swift */ = {isa = PBXFileReference; fileEncoding = 4; lastKnownFileType = sourcecode.swift; name = CommentsTableViewController.swift; path = Controllers/CommentsTableViewController.swift; sourceTree = "<group>"; };
		28268A581F1A62DC008226F5 /* CreateViewController.swift */ = {isa = PBXFileReference; fileEncoding = 4; lastKnownFileType = sourcecode.swift; name = CreateViewController.swift; path = Controllers/CreateViewController.swift; sourceTree = "<group>"; };
		28268A5A1F1A62FC008226F5 /* ProfileViewController.swift */ = {isa = PBXFileReference; fileEncoding = 4; lastKnownFileType = sourcecode.swift; name = ProfileViewController.swift; path = Controllers/ProfileViewController.swift; sourceTree = "<group>"; };
		28268A5C1F1A632B008226F5 /* ProfileFeedViewController.swift */ = {isa = PBXFileReference; fileEncoding = 4; lastKnownFileType = sourcecode.swift; name = ProfileFeedViewController.swift; path = Controllers/ProfileFeedViewController.swift; sourceTree = "<group>"; };
		28268A5E1F1A634B008226F5 /* EditProfileViewController.swift */ = {isa = PBXFileReference; fileEncoding = 4; lastKnownFileType = sourcecode.swift; name = EditProfileViewController.swift; path = Controllers/EditProfileViewController.swift; sourceTree = "<group>"; };
		28268A601F1A6360008226F5 /* BannerViewController.swift */ = {isa = PBXFileReference; fileEncoding = 4; lastKnownFileType = sourcecode.swift; name = BannerViewController.swift; path = Controllers/BannerViewController.swift; sourceTree = "<group>"; };
		28268A621F1A640F008226F5 /* CommentTableViewCell.swift */ = {isa = PBXFileReference; fileEncoding = 4; lastKnownFileType = sourcecode.swift; name = CommentTableViewCell.swift; path = Views/CommentTableViewCell.swift; sourceTree = "<group>"; };
		28268A651F1A646A008226F5 /* StoryTableViewCell.swift */ = {isa = PBXFileReference; fileEncoding = 4; lastKnownFileType = sourcecode.swift; name = StoryTableViewCell.swift; path = Views/StoryTableViewCell.swift; sourceTree = "<group>"; };
		28268A6B1F1A64E8008226F5 /* UserTableViewCell.swift */ = {isa = PBXFileReference; fileEncoding = 4; lastKnownFileType = sourcecode.swift; name = UserTableViewCell.swift; path = Views/UserTableViewCell.swift; sourceTree = "<group>"; };
		28268A6D1F1A6503008226F5 /* ViewHelper.swift */ = {isa = PBXFileReference; fileEncoding = 4; lastKnownFileType = sourcecode.swift; name = ViewHelper.swift; path = Views/ViewHelper.swift; sourceTree = "<group>"; };
		28268A6F1F1A6522008226F5 /* ProfileView.swift */ = {isa = PBXFileReference; fileEncoding = 4; lastKnownFileType = sourcecode.swift; name = ProfileView.swift; path = Views/ProfileView.swift; sourceTree = "<group>"; };
		28268A721F1A6557008226F5 /* AuthLogoView.xib */ = {isa = PBXFileReference; fileEncoding = 4; lastKnownFileType = file.xib; name = AuthLogoView.xib; path = Assets/AuthLogoView.xib; sourceTree = "<group>"; };
		28268A741F1A661B008226F5 /* Main.storyboard */ = {isa = PBXFileReference; fileEncoding = 4; lastKnownFileType = file.storyboard; name = Main.storyboard; path = Assets/Main.storyboard; sourceTree = "<group>"; };
		285F483E1F1A691800A8575E /* Launch Screen.storyboard */ = {isa = PBXFileReference; fileEncoding = 4; lastKnownFileType = file.storyboard; name = "Launch Screen.storyboard"; path = "Assets/Launch Screen.storyboard"; sourceTree = "<group>"; };
		28FA9FFD1F1C9FB4002D7E3E /* GoogleService-Info.plist */ = {isa = PBXFileReference; fileEncoding = 4; lastKnownFileType = text.plist.xml; path = "GoogleService-Info.plist"; sourceTree = "<group>"; };
		47D63083306BC86674584F13 /* Pods-PictoriousUITests.debug.xcconfig */ = {isa = PBXFileReference; includeInIndex = 1; lastKnownFileType = text.xcconfig; name = "Pods-PictoriousUITests.debug.xcconfig"; path = "Pods/Target Support Files/Pods-PictoriousUITests/Pods-PictoriousUITests.debug.xcconfig"; sourceTree = "<group>"; };
		48354F83D86F24C12010C9A2 /* Pods-Pictorious.debug.xcconfig */ = {isa = PBXFileReference; includeInIndex = 1; lastKnownFileType = text.xcconfig; name = "Pods-Pictorious.debug.xcconfig"; path = "Pods/Target Support Files/Pods-Pictorious/Pods-Pictorious.debug.xcconfig"; sourceTree = "<group>"; };
		49041B406A491564C83D322A /* Pods_PictoriousTests.framework */ = {isa = PBXFileReference; explicitFileType = wrapper.framework; includeInIndex = 0; path = Pods_PictoriousTests.framework; sourceTree = BUILT_PRODUCTS_DIR; };
		536C68F58879FC54A42B114B /* Pods-Pictorious.release.xcconfig */ = {isa = PBXFileReference; includeInIndex = 1; lastKnownFileType = text.xcconfig; name = "Pods-Pictorious.release.xcconfig"; path = "Pods/Target Support Files/Pods-Pictorious/Pods-Pictorious.release.xcconfig"; sourceTree = "<group>"; };
		62DDFA14606381E4A5571F6A /* Pods-PictoriousTests.release.xcconfig */ = {isa = PBXFileReference; includeInIndex = 1; lastKnownFileType = text.xcconfig; name = "Pods-PictoriousTests.release.xcconfig"; path = "Pods/Target Support Files/Pods-PictoriousTests/Pods-PictoriousTests.release.xcconfig"; sourceTree = "<group>"; };
		7AEA015308A6B228D89CBE77 /* Pods_PictoriousUITests.framework */ = {isa = PBXFileReference; explicitFileType = wrapper.framework; includeInIndex = 0; path = Pods_PictoriousUITests.framework; sourceTree = BUILT_PRODUCTS_DIR; };
		F985B94DCEE13F4D7413B503 /* Pods-PictoriousTests.debug.xcconfig */ = {isa = PBXFileReference; includeInIndex = 1; lastKnownFileType = text.xcconfig; name = "Pods-PictoriousTests.debug.xcconfig"; path = "Pods/Target Support Files/Pods-PictoriousTests/Pods-PictoriousTests.debug.xcconfig"; sourceTree = "<group>"; };
/* End PBXFileReference section */

/* Begin PBXFrameworksBuildPhase section */
		28268A051F1A5F96008226F5 /* Frameworks */ = {
			isa = PBXFrameworksBuildPhase;
			buildActionMask = 2147483647;
			files = (
				1DE14904A7DED734E66FD80A /* Pods_Pictorious.framework in Frameworks */,
			);
			runOnlyForDeploymentPostprocessing = 0;
		};
		28268A1C1F1A5F96008226F5 /* Frameworks */ = {
			isa = PBXFrameworksBuildPhase;
			buildActionMask = 2147483647;
			files = (
				17F17EDAC272BA9AECD4776E /* Pods_PictoriousTests.framework in Frameworks */,
			);
			runOnlyForDeploymentPostprocessing = 0;
		};
		28268A271F1A5F96008226F5 /* Frameworks */ = {
			isa = PBXFrameworksBuildPhase;
			buildActionMask = 2147483647;
			files = (
				0D808C8CA96EED7BB897B835 /* Pods_PictoriousUITests.framework in Frameworks */,
			);
			runOnlyForDeploymentPostprocessing = 0;
		};
/* End PBXFrameworksBuildPhase section */

/* Begin PBXGroup section */
		282689FF1F1A5F96008226F5 = {
			isa = PBXGroup;
			children = (
				28268A0A1F1A5F96008226F5 /* Pictorious */,
				28268A221F1A5F96008226F5 /* PictoriousTests */,
				28268A2D1F1A5F96008226F5 /* PictoriousUITests */,
				28268A091F1A5F96008226F5 /* Products */,
				666A25A088CCB5D50A722BE5 /* Pods */,
				71A6B2B31C1C745A13CB7208 /* Frameworks */,
			);
			sourceTree = "<group>";
		};
		28268A091F1A5F96008226F5 /* Products */ = {
			isa = PBXGroup;
			children = (
				28268A081F1A5F96008226F5 /* Pictorious.app */,
				28268A1F1F1A5F96008226F5 /* PictoriousTests.xctest */,
				28268A2A1F1A5F96008226F5 /* PictoriousUITests.xctest */,
			);
			name = Products;
			sourceTree = "<group>";
		};
		28268A0A1F1A5F96008226F5 /* Pictorious */ = {
			isa = PBXGroup;
			children = (
				28268A401F1A6107008226F5 /* Models */,
				28268A641F1A6418008226F5 /* Views */,
				28268A4F1F1A6209008226F5 /* Controllers */,
				28268A0B1F1A5F96008226F5 /* AppDelegate.swift */,
				28268A3C1F1A607E008226F5 /* Constants.swift */,
				28268A711F1A6548008226F5 /* Assets */,
				28268A1A1F1A5F96008226F5 /* Info.plist */,
				28268A121F1A5F96008226F5 /* Pictorious.xcdatamodeld */,
			);
			path = Pictorious;
			sourceTree = "<group>";
		};
		28268A221F1A5F96008226F5 /* PictoriousTests */ = {
			isa = PBXGroup;
			children = (
				28268A231F1A5F96008226F5 /* PictoriousTests.swift */,
				28268A251F1A5F96008226F5 /* Info.plist */,
				28FA9FFD1F1C9FB4002D7E3E /* GoogleService-Info.plist */,
			);
			path = PictoriousTests;
			sourceTree = "<group>";
		};
		28268A2D1F1A5F96008226F5 /* PictoriousUITests */ = {
			isa = PBXGroup;
			children = (
				28268A2E1F1A5F96008226F5 /* PictoriousUITests.swift */,
				28268A301F1A5F96008226F5 /* Info.plist */,
			);
			path = PictoriousUITests;
			sourceTree = "<group>";
		};
		28268A401F1A6107008226F5 /* Models */ = {
			isa = PBXGroup;
			children = (
				28268A491F1A61B4008226F5 /* Like.swift */,
				28268A4B1F1A61D6008226F5 /* Favorite.swift */,
				28268A411F1A6135008226F5 /* User.swift */,
				28268A431F1A6159008226F5 /* Story.swift */,
				28268A451F1A6171008226F5 /* Comment.swift */,
				28268A3E1F1A60EB008226F5 /* ModelBase.swift */,
			);
			name = Models;
			sourceTree = "<group>";
		};
		28268A4F1F1A6209008226F5 /* Controllers */ = {
			isa = PBXGroup;
			children = (
				28268A4D1F1A6203008226F5 /* WelcomeViewController.swift */,
				28268A501F1A623F008226F5 /* AuthPickerViewController.swift */,
				28268A521F1A6266008226F5 /* FeedViewController.swift */,
				28268A541F1A628A008226F5 /* StoryViewController.swift */,
				28268A561F1A62B5008226F5 /* CommentsTableViewController.swift */,
				28268A581F1A62DC008226F5 /* CreateViewController.swift */,
				28268A5A1F1A62FC008226F5 /* ProfileViewController.swift */,
				28268A5C1F1A632B008226F5 /* ProfileFeedViewController.swift */,
				28268A5E1F1A634B008226F5 /* EditProfileViewController.swift */,
				28268A601F1A6360008226F5 /* BannerViewController.swift */,
			);
			name = Controllers;
			sourceTree = "<group>";
		};
		28268A641F1A6418008226F5 /* Views */ = {
			isa = PBXGroup;
			children = (
				28268A6B1F1A64E8008226F5 /* UserTableViewCell.swift */,
				28268A6D1F1A6503008226F5 /* ViewHelper.swift */,
				28268A6F1F1A6522008226F5 /* ProfileView.swift */,
				28268A621F1A640F008226F5 /* CommentTableViewCell.swift */,
				28268A651F1A646A008226F5 /* StoryTableViewCell.swift */,
			);
			name = Views;
			sourceTree = "<group>";
		};
		28268A711F1A6548008226F5 /* Assets */ = {
			isa = PBXGroup;
			children = (
				28268A741F1A661B008226F5 /* Main.storyboard */,
				285F483E1F1A691800A8575E /* Launch Screen.storyboard */,
				28268A721F1A6557008226F5 /* AuthLogoView.xib */,
				28268A151F1A5F96008226F5 /* Assets.xcassets */,
			);
			name = Assets;
			sourceTree = "<group>";
		};
		666A25A088CCB5D50A722BE5 /* Pods */ = {
			isa = PBXGroup;
			children = (
				48354F83D86F24C12010C9A2 /* Pods-Pictorious.debug.xcconfig */,
				536C68F58879FC54A42B114B /* Pods-Pictorious.release.xcconfig */,
				F985B94DCEE13F4D7413B503 /* Pods-PictoriousTests.debug.xcconfig */,
				62DDFA14606381E4A5571F6A /* Pods-PictoriousTests.release.xcconfig */,
				47D63083306BC86674584F13 /* Pods-PictoriousUITests.debug.xcconfig */,
				1C5B29AC77827CB0888E7B0F /* Pods-PictoriousUITests.release.xcconfig */,
			);
			name = Pods;
			sourceTree = "<group>";
		};
		71A6B2B31C1C745A13CB7208 /* Frameworks */ = {
			isa = PBXGroup;
			children = (
				1C21B42739198D3BE8ED31A4 /* Pods_Pictorious.framework */,
				49041B406A491564C83D322A /* Pods_PictoriousTests.framework */,
				7AEA015308A6B228D89CBE77 /* Pods_PictoriousUITests.framework */,
			);
			name = Frameworks;
			sourceTree = "<group>";
		};
/* End PBXGroup section */

/* Begin PBXNativeTarget section */
		28268A071F1A5F96008226F5 /* Pictorious */ = {
			isa = PBXNativeTarget;
			buildConfigurationList = 28268A331F1A5F96008226F5 /* Build configuration list for PBXNativeTarget "Pictorious" */;
			buildPhases = (
				459FBEDF0C42F88C49483795 /* [CP] Check Pods Manifest.lock */,
				28268A041F1A5F96008226F5 /* Sources */,
				28268A051F1A5F96008226F5 /* Frameworks */,
				28268A061F1A5F96008226F5 /* Resources */,
				9B9C723BEFA9DCDEC6CE88EA /* [CP] Embed Pods Frameworks */,
				4E87EA5B2DC751F6B7433160 /* [CP] Copy Pods Resources */,
			);
			buildRules = (
			);
			dependencies = (
			);
			name = Pictorious;
			productName = Pictorious;
			productReference = 28268A081F1A5F96008226F5 /* Pictorious.app */;
			productType = "com.apple.product-type.application";
		};
		28268A1E1F1A5F96008226F5 /* PictoriousTests */ = {
			isa = PBXNativeTarget;
			buildConfigurationList = 28268A361F1A5F96008226F5 /* Build configuration list for PBXNativeTarget "PictoriousTests" */;
			buildPhases = (
				4B16F0C8FAE78358CD762315 /* [CP] Check Pods Manifest.lock */,
				28268A1B1F1A5F96008226F5 /* Sources */,
				28268A1C1F1A5F96008226F5 /* Frameworks */,
				28268A1D1F1A5F96008226F5 /* Resources */,
				90319109D122E9B31B7E3347 /* [CP] Embed Pods Frameworks */,
				A65922B085479D18693552AB /* [CP] Copy Pods Resources */,
			);
			buildRules = (
			);
			dependencies = (
				28268A211F1A5F96008226F5 /* PBXTargetDependency */,
			);
			name = PictoriousTests;
			productName = PictoriousTests;
			productReference = 28268A1F1F1A5F96008226F5 /* PictoriousTests.xctest */;
			productType = "com.apple.product-type.bundle.unit-test";
		};
		28268A291F1A5F96008226F5 /* PictoriousUITests */ = {
			isa = PBXNativeTarget;
			buildConfigurationList = 28268A391F1A5F96008226F5 /* Build configuration list for PBXNativeTarget "PictoriousUITests" */;
			buildPhases = (
				A9310DC1E093E9B24DA3012D /* [CP] Check Pods Manifest.lock */,
				28268A261F1A5F96008226F5 /* Sources */,
				28268A271F1A5F96008226F5 /* Frameworks */,
				28268A281F1A5F96008226F5 /* Resources */,
				38949AB6CC8C8303FFB9B768 /* [CP] Embed Pods Frameworks */,
				1BD2AB57144F254949B42E24 /* [CP] Copy Pods Resources */,
			);
			buildRules = (
			);
			dependencies = (
				28268A2C1F1A5F96008226F5 /* PBXTargetDependency */,
			);
			name = PictoriousUITests;
			productName = PictoriousUITests;
			productReference = 28268A2A1F1A5F96008226F5 /* PictoriousUITests.xctest */;
			productType = "com.apple.product-type.bundle.ui-testing";
		};
/* End PBXNativeTarget section */

/* Begin PBXProject section */
		28268A001F1A5F96008226F5 /* Project object */ = {
			isa = PBXProject;
			attributes = {
				LastSwiftUpdateCheck = 0830;
				LastUpgradeCheck = 0830;
				ORGANIZATIONNAME = "Jay Balderas";
				TargetAttributes = {
					28268A071F1A5F96008226F5 = {
						CreatedOnToolsVersion = 8.3.3;
						DevelopmentTeam = 5EB567WJ73;
						ProvisioningStyle = Automatic;
					};
					28268A1E1F1A5F96008226F5 = {
						CreatedOnToolsVersion = 8.3.3;
						DevelopmentTeam = 5EB567WJ73;
						ProvisioningStyle = Automatic;
						TestTargetID = 28268A071F1A5F96008226F5;
					};
					28268A291F1A5F96008226F5 = {
						CreatedOnToolsVersion = 8.3.3;
						DevelopmentTeam = 5EB567WJ73;
						ProvisioningStyle = Automatic;
						TestTargetID = 28268A071F1A5F96008226F5;
					};
				};
			};
			buildConfigurationList = 28268A031F1A5F96008226F5 /* Build configuration list for PBXProject "Pictorious" */;
			compatibilityVersion = "Xcode 3.2";
			developmentRegion = English;
			hasScannedForEncodings = 0;
			knownRegions = (
				en,
				Base,
			);
			mainGroup = 282689FF1F1A5F96008226F5;
			productRefGroup = 28268A091F1A5F96008226F5 /* Products */;
			projectDirPath = "";
			projectRoot = "";
			targets = (
				28268A071F1A5F96008226F5 /* Pictorious */,
				28268A1E1F1A5F96008226F5 /* PictoriousTests */,
				28268A291F1A5F96008226F5 /* PictoriousUITests */,
			);
		};
/* End PBXProject section */

/* Begin PBXResourcesBuildPhase section */
		28268A061F1A5F96008226F5 /* Resources */ = {
			isa = PBXResourcesBuildPhase;
			buildActionMask = 2147483647;
			files = (
				28268A161F1A5F96008226F5 /* Assets.xcassets in Resources */,
				28268A731F1A6557008226F5 /* AuthLogoView.xib in Resources */,
				285F483F1F1A691800A8575E /* Launch Screen.storyboard in Resources */,
				28268A751F1A661B008226F5 /* Main.storyboard in Resources */,
			);
			runOnlyForDeploymentPostprocessing = 0;
		};
		28268A1D1F1A5F96008226F5 /* Resources */ = {
			isa = PBXResourcesBuildPhase;
			buildActionMask = 2147483647;
			files = (
				28FA9FFE1F1C9FB4002D7E3E /* GoogleService-Info.plist in Resources */,
			);
			runOnlyForDeploymentPostprocessing = 0;
		};
		28268A281F1A5F96008226F5 /* Resources */ = {
			isa = PBXResourcesBuildPhase;
			buildActionMask = 2147483647;
			files = (
			);
			runOnlyForDeploymentPostprocessing = 0;
		};
/* End PBXResourcesBuildPhase section */

/* Begin PBXShellScriptBuildPhase section */
		1BD2AB57144F254949B42E24 /* [CP] Copy Pods Resources */ = {
			isa = PBXShellScriptBuildPhase;
			buildActionMask = 2147483647;
			files = (
			);
			inputPaths = (
			);
			name = "[CP] Copy Pods Resources";
			outputPaths = (
			);
			runOnlyForDeploymentPostprocessing = 0;
			shellPath = /bin/sh;
			shellScript = "\"${SRCROOT}/Pods/Target Support Files/Pods-PictoriousUITests/Pods-PictoriousUITests-resources.sh\"\n";
			showEnvVarsInLog = 0;
		};
		38949AB6CC8C8303FFB9B768 /* [CP] Embed Pods Frameworks */ = {
			isa = PBXShellScriptBuildPhase;
			buildActionMask = 2147483647;
			files = (
			);
			inputPaths = (
			);
			name = "[CP] Embed Pods Frameworks";
			outputPaths = (
			);
			runOnlyForDeploymentPostprocessing = 0;
			shellPath = /bin/sh;
			shellScript = "\"${SRCROOT}/Pods/Target Support Files/Pods-PictoriousUITests/Pods-PictoriousUITests-frameworks.sh\"\n";
			showEnvVarsInLog = 0;
		};
		459FBEDF0C42F88C49483795 /* [CP] Check Pods Manifest.lock */ = {
			isa = PBXShellScriptBuildPhase;
			buildActionMask = 2147483647;
			files = (
			);
			inputPaths = (
			);
			name = "[CP] Check Pods Manifest.lock";
			outputPaths = (
			);
			runOnlyForDeploymentPostprocessing = 0;
			shellPath = /bin/sh;
			shellScript = "diff \"${PODS_PODFILE_DIR_PATH}/Podfile.lock\" \"${PODS_ROOT}/Manifest.lock\" > /dev/null\nif [ $? != 0 ] ; then\n    # print error to STDERR\n    echo \"error: The sandbox is not in sync with the Podfile.lock. Run 'pod install' or update your CocoaPods installation.\" >&2\n    exit 1\nfi\n";
			showEnvVarsInLog = 0;
		};
		4B16F0C8FAE78358CD762315 /* [CP] Check Pods Manifest.lock */ = {
			isa = PBXShellScriptBuildPhase;
			buildActionMask = 2147483647;
			files = (
			);
			inputPaths = (
			);
			name = "[CP] Check Pods Manifest.lock";
			outputPaths = (
			);
			runOnlyForDeploymentPostprocessing = 0;
			shellPath = /bin/sh;
			shellScript = "diff \"${PODS_PODFILE_DIR_PATH}/Podfile.lock\" \"${PODS_ROOT}/Manifest.lock\" > /dev/null\nif [ $? != 0 ] ; then\n    # print error to STDERR\n    echo \"error: The sandbox is not in sync with the Podfile.lock. Run 'pod install' or update your CocoaPods installation.\" >&2\n    exit 1\nfi\n";
			showEnvVarsInLog = 0;
		};
		4E87EA5B2DC751F6B7433160 /* [CP] Copy Pods Resources */ = {
			isa = PBXShellScriptBuildPhase;
			buildActionMask = 2147483647;
			files = (
			);
			inputPaths = (
			);
			name = "[CP] Copy Pods Resources";
			outputPaths = (
			);
			runOnlyForDeploymentPostprocessing = 0;
			shellPath = /bin/sh;
			shellScript = "\"${SRCROOT}/Pods/Target Support Files/Pods-Pictorious/Pods-Pictorious-resources.sh\"\n";
			showEnvVarsInLog = 0;
		};
		90319109D122E9B31B7E3347 /* [CP] Embed Pods Frameworks */ = {
			isa = PBXShellScriptBuildPhase;
			buildActionMask = 2147483647;
			files = (
			);
			inputPaths = (
			);
			name = "[CP] Embed Pods Frameworks";
			outputPaths = (
			);
			runOnlyForDeploymentPostprocessing = 0;
			shellPath = /bin/sh;
			shellScript = "\"${SRCROOT}/Pods/Target Support Files/Pods-PictoriousTests/Pods-PictoriousTests-frameworks.sh\"\n";
			showEnvVarsInLog = 0;
		};
		9B9C723BEFA9DCDEC6CE88EA /* [CP] Embed Pods Frameworks */ = {
			isa = PBXShellScriptBuildPhase;
			buildActionMask = 2147483647;
			files = (
			);
			inputPaths = (
			);
			name = "[CP] Embed Pods Frameworks";
			outputPaths = (
			);
			runOnlyForDeploymentPostprocessing = 0;
			shellPath = /bin/sh;
			shellScript = "\"${SRCROOT}/Pods/Target Support Files/Pods-Pictorious/Pods-Pictorious-frameworks.sh\"\n";
			showEnvVarsInLog = 0;
		};
		A65922B085479D18693552AB /* [CP] Copy Pods Resources */ = {
			isa = PBXShellScriptBuildPhase;
			buildActionMask = 2147483647;
			files = (
			);
			inputPaths = (
			);
			name = "[CP] Copy Pods Resources";
			outputPaths = (
			);
			runOnlyForDeploymentPostprocessing = 0;
			shellPath = /bin/sh;
			shellScript = "\"${SRCROOT}/Pods/Target Support Files/Pods-PictoriousTests/Pods-PictoriousTests-resources.sh\"\n";
			showEnvVarsInLog = 0;
		};
		A9310DC1E093E9B24DA3012D /* [CP] Check Pods Manifest.lock */ = {
			isa = PBXShellScriptBuildPhase;
			buildActionMask = 2147483647;
			files = (
			);
			inputPaths = (
			);
			name = "[CP] Check Pods Manifest.lock";
			outputPaths = (
			);
			runOnlyForDeploymentPostprocessing = 0;
			shellPath = /bin/sh;
			shellScript = "diff \"${PODS_PODFILE_DIR_PATH}/Podfile.lock\" \"${PODS_ROOT}/Manifest.lock\" > /dev/null\nif [ $? != 0 ] ; then\n    # print error to STDERR\n    echo \"error: The sandbox is not in sync with the Podfile.lock. Run 'pod install' or update your CocoaPods installation.\" >&2\n    exit 1\nfi\n";
			showEnvVarsInLog = 0;
		};
/* End PBXShellScriptBuildPhase section */

/* Begin PBXSourcesBuildPhase section */
		28268A041F1A5F96008226F5 /* Sources */ = {
			isa = PBXSourcesBuildPhase;
			buildActionMask = 2147483647;
			files = (
				28268A141F1A5F96008226F5 /* Pictorious.xcdatamodeld in Sources */,
				28268A4E1F1A6203008226F5 /* WelcomeViewController.swift in Sources */,
				28268A6C1F1A64E8008226F5 /* UserTableViewCell.swift in Sources */,
				28268A6E1F1A6503008226F5 /* ViewHelper.swift in Sources */,
				28268A0C1F1A5F96008226F5 /* AppDelegate.swift in Sources */,
				28268A611F1A6360008226F5 /* BannerViewController.swift in Sources */,
				28268A4A1F1A61B4008226F5 /* Like.swift in Sources */,
				28268A511F1A623F008226F5 /* AuthPickerViewController.swift in Sources */,
				28268A591F1A62DC008226F5 /* CreateViewController.swift in Sources */,
				28268A631F1A640F008226F5 /* CommentTableViewCell.swift in Sources */,
				28268A5B1F1A62FC008226F5 /* ProfileViewController.swift in Sources */,
				28268A3D1F1A607E008226F5 /* Constants.swift in Sources */,
				28268A5F1F1A634B008226F5 /* EditProfileViewController.swift in Sources */,
				28268A461F1A6171008226F5 /* Comment.swift in Sources */,
				28268A571F1A62B5008226F5 /* CommentsTableViewController.swift in Sources */,
				28268A551F1A628A008226F5 /* StoryViewController.swift in Sources */,
				28268A701F1A6522008226F5 /* ProfileView.swift in Sources */,
				28268A5D1F1A632B008226F5 /* ProfileFeedViewController.swift in Sources */,
				28268A421F1A6135008226F5 /* User.swift in Sources */,
				28268A4C1F1A61D6008226F5 /* Favorite.swift in Sources */,
				28268A3F1F1A60EB008226F5 /* ModelBase.swift in Sources */,
				28268A531F1A6266008226F5 /* FeedViewController.swift in Sources */,
				28268A441F1A6159008226F5 /* Story.swift in Sources */,
				28268A661F1A646A008226F5 /* StoryTableViewCell.swift in Sources */,
			);
			runOnlyForDeploymentPostprocessing = 0;
		};
		28268A1B1F1A5F96008226F5 /* Sources */ = {
			isa = PBXSourcesBuildPhase;
			buildActionMask = 2147483647;
			files = (
				28268A241F1A5F96008226F5 /* PictoriousTests.swift in Sources */,
			);
			runOnlyForDeploymentPostprocessing = 0;
		};
		28268A261F1A5F96008226F5 /* Sources */ = {
			isa = PBXSourcesBuildPhase;
			buildActionMask = 2147483647;
			files = (
				28268A2F1F1A5F96008226F5 /* PictoriousUITests.swift in Sources */,
			);
			runOnlyForDeploymentPostprocessing = 0;
		};
/* End PBXSourcesBuildPhase section */

/* Begin PBXTargetDependency section */
		28268A211F1A5F96008226F5 /* PBXTargetDependency */ = {
			isa = PBXTargetDependency;
			target = 28268A071F1A5F96008226F5 /* Pictorious */;
			targetProxy = 28268A201F1A5F96008226F5 /* PBXContainerItemProxy */;
		};
		28268A2C1F1A5F96008226F5 /* PBXTargetDependency */ = {
			isa = PBXTargetDependency;
			target = 28268A071F1A5F96008226F5 /* Pictorious */;
			targetProxy = 28268A2B1F1A5F96008226F5 /* PBXContainerItemProxy */;
		};
/* End PBXTargetDependency section */

/* Begin XCBuildConfiguration section */
		28268A311F1A5F96008226F5 /* Debug */ = {
			isa = XCBuildConfiguration;
			buildSettings = {
				ALWAYS_SEARCH_USER_PATHS = NO;
				CLANG_ANALYZER_NONNULL = YES;
				CLANG_ANALYZER_NUMBER_OBJECT_CONVERSION = YES_AGGRESSIVE;
				CLANG_CXX_LANGUAGE_STANDARD = "gnu++0x";
				CLANG_CXX_LIBRARY = "libc++";
				CLANG_ENABLE_MODULES = YES;
				CLANG_ENABLE_OBJC_ARC = YES;
				CLANG_WARN_BOOL_CONVERSION = YES;
				CLANG_WARN_CONSTANT_CONVERSION = YES;
				CLANG_WARN_DIRECT_OBJC_ISA_USAGE = YES_ERROR;
				CLANG_WARN_DOCUMENTATION_COMMENTS = YES;
				CLANG_WARN_EMPTY_BODY = YES;
				CLANG_WARN_ENUM_CONVERSION = YES;
				CLANG_WARN_INFINITE_RECURSION = YES;
				CLANG_WARN_INT_CONVERSION = YES;
				CLANG_WARN_OBJC_ROOT_CLASS = YES_ERROR;
				CLANG_WARN_SUSPICIOUS_MOVE = YES;
				CLANG_WARN_UNREACHABLE_CODE = YES;
				CLANG_WARN__DUPLICATE_METHOD_MATCH = YES;
				"CODE_SIGN_IDENTITY[sdk=iphoneos*]" = "iPhone Developer";
				COPY_PHASE_STRIP = NO;
				DEBUG_INFORMATION_FORMAT = dwarf;
				ENABLE_STRICT_OBJC_MSGSEND = YES;
				ENABLE_TESTABILITY = YES;
				GCC_C_LANGUAGE_STANDARD = gnu99;
				GCC_DYNAMIC_NO_PIC = NO;
				GCC_NO_COMMON_BLOCKS = YES;
				GCC_OPTIMIZATION_LEVEL = 0;
				GCC_PREPROCESSOR_DEFINITIONS = (
					"DEBUG=1",
					"$(inherited)",
				);
				GCC_WARN_64_TO_32_BIT_CONVERSION = YES;
				GCC_WARN_ABOUT_RETURN_TYPE = YES_ERROR;
				GCC_WARN_UNDECLARED_SELECTOR = YES;
				GCC_WARN_UNINITIALIZED_AUTOS = YES_AGGRESSIVE;
				GCC_WARN_UNUSED_FUNCTION = YES;
				GCC_WARN_UNUSED_VARIABLE = YES;
				IPHONEOS_DEPLOYMENT_TARGET = 10.3;
				MTL_ENABLE_DEBUG_INFO = YES;
				ONLY_ACTIVE_ARCH = YES;
				SDKROOT = iphoneos;
				SWIFT_ACTIVE_COMPILATION_CONDITIONS = DEBUG;
				SWIFT_OPTIMIZATION_LEVEL = "-Onone";
				TARGETED_DEVICE_FAMILY = "1,2";
			};
			name = Debug;
		};
		28268A321F1A5F96008226F5 /* Release */ = {
			isa = XCBuildConfiguration;
			buildSettings = {
				ALWAYS_SEARCH_USER_PATHS = NO;
				CLANG_ANALYZER_NONNULL = YES;
				CLANG_ANALYZER_NUMBER_OBJECT_CONVERSION = YES_AGGRESSIVE;
				CLANG_CXX_LANGUAGE_STANDARD = "gnu++0x";
				CLANG_CXX_LIBRARY = "libc++";
				CLANG_ENABLE_MODULES = YES;
				CLANG_ENABLE_OBJC_ARC = YES;
				CLANG_WARN_BOOL_CONVERSION = YES;
				CLANG_WARN_CONSTANT_CONVERSION = YES;
				CLANG_WARN_DIRECT_OBJC_ISA_USAGE = YES_ERROR;
				CLANG_WARN_DOCUMENTATION_COMMENTS = YES;
				CLANG_WARN_EMPTY_BODY = YES;
				CLANG_WARN_ENUM_CONVERSION = YES;
				CLANG_WARN_INFINITE_RECURSION = YES;
				CLANG_WARN_INT_CONVERSION = YES;
				CLANG_WARN_OBJC_ROOT_CLASS = YES_ERROR;
				CLANG_WARN_SUSPICIOUS_MOVE = YES;
				CLANG_WARN_UNREACHABLE_CODE = YES;
				CLANG_WARN__DUPLICATE_METHOD_MATCH = YES;
				"CODE_SIGN_IDENTITY[sdk=iphoneos*]" = "iPhone Developer";
				COPY_PHASE_STRIP = NO;
				DEBUG_INFORMATION_FORMAT = "dwarf-with-dsym";
				ENABLE_NS_ASSERTIONS = NO;
				ENABLE_STRICT_OBJC_MSGSEND = YES;
				GCC_C_LANGUAGE_STANDARD = gnu99;
				GCC_NO_COMMON_BLOCKS = YES;
				GCC_WARN_64_TO_32_BIT_CONVERSION = YES;
				GCC_WARN_ABOUT_RETURN_TYPE = YES_ERROR;
				GCC_WARN_UNDECLARED_SELECTOR = YES;
				GCC_WARN_UNINITIALIZED_AUTOS = YES_AGGRESSIVE;
				GCC_WARN_UNUSED_FUNCTION = YES;
				GCC_WARN_UNUSED_VARIABLE = YES;
				IPHONEOS_DEPLOYMENT_TARGET = 10.3;
				MTL_ENABLE_DEBUG_INFO = NO;
				SDKROOT = iphoneos;
				SWIFT_OPTIMIZATION_LEVEL = "-Owholemodule";
				TARGETED_DEVICE_FAMILY = "1,2";
				VALIDATE_PRODUCT = YES;
			};
			name = Release;
		};
		28268A341F1A5F96008226F5 /* Debug */ = {
			isa = XCBuildConfiguration;
			baseConfigurationReference = 48354F83D86F24C12010C9A2 /* Pods-Pictorious.debug.xcconfig */;
			buildSettings = {
				ASSETCATALOG_COMPILER_APPICON_NAME = AppIcon;
				DEVELOPMENT_TEAM = 5EB567WJ73;
				INFOPLIST_FILE = Pictorious/Info.plist;
				LD_RUNPATH_SEARCH_PATHS = "$(inherited) @executable_path/Frameworks";
				PRODUCT_BUNDLE_IDENTIFIER = "Jay-Balderas.Pictorious";
				PRODUCT_NAME = "$(TARGET_NAME)";
				SWIFT_VERSION = 3.0;
			};
			name = Debug;
		};
		28268A351F1A5F96008226F5 /* Release */ = {
			isa = XCBuildConfiguration;
			baseConfigurationReference = 536C68F58879FC54A42B114B /* Pods-Pictorious.release.xcconfig */;
			buildSettings = {
				ASSETCATALOG_COMPILER_APPICON_NAME = AppIcon;
				DEVELOPMENT_TEAM = 5EB567WJ73;
				INFOPLIST_FILE = Pictorious/Info.plist;
				LD_RUNPATH_SEARCH_PATHS = "$(inherited) @executable_path/Frameworks";
				PRODUCT_BUNDLE_IDENTIFIER = "Jay-Balderas.Pictorious";
				PRODUCT_NAME = "$(TARGET_NAME)";
				SWIFT_VERSION = 3.0;
			};
			name = Release;
		};
		28268A371F1A5F96008226F5 /* Debug */ = {
			isa = XCBuildConfiguration;
			baseConfigurationReference = F985B94DCEE13F4D7413B503 /* Pods-PictoriousTests.debug.xcconfig */;
			buildSettings = {
				ALWAYS_EMBED_SWIFT_STANDARD_LIBRARIES = YES;
				BUNDLE_LOADER = "$(TEST_HOST)";
				DEVELOPMENT_TEAM = 5EB567WJ73;
				INFOPLIST_FILE = PictoriousTests/Info.plist;
				LD_RUNPATH_SEARCH_PATHS = "$(inherited) @executable_path/Frameworks @loader_path/Frameworks";
				PRODUCT_BUNDLE_IDENTIFIER = "Jay-Balderas.PictoriousTests";
				PRODUCT_NAME = "$(TARGET_NAME)";
				SWIFT_VERSION = 3.0;
				TEST_HOST = "$(BUILT_PRODUCTS_DIR)/Pictorious.app/Pictorious";
			};
			name = Debug;
		};
		28268A381F1A5F96008226F5 /* Release */ = {
			isa = XCBuildConfiguration;
			baseConfigurationReference = 62DDFA14606381E4A5571F6A /* Pods-PictoriousTests.release.xcconfig */;
			buildSettings = {
				ALWAYS_EMBED_SWIFT_STANDARD_LIBRARIES = YES;
				BUNDLE_LOADER = "$(TEST_HOST)";
				DEVELOPMENT_TEAM = 5EB567WJ73;
				INFOPLIST_FILE = PictoriousTests/Info.plist;
				LD_RUNPATH_SEARCH_PATHS = "$(inherited) @executable_path/Frameworks @loader_path/Frameworks";
				PRODUCT_BUNDLE_IDENTIFIER = "Jay-Balderas.PictoriousTests";
				PRODUCT_NAME = "$(TARGET_NAME)";
				SWIFT_VERSION = 3.0;
				TEST_HOST = "$(BUILT_PRODUCTS_DIR)/Pictorious.app/Pictorious";
			};
			name = Release;
		};
		28268A3A1F1A5F96008226F5 /* Debug */ = {
			isa = XCBuildConfiguration;
			baseConfigurationReference = 47D63083306BC86674584F13 /* Pods-PictoriousUITests.debug.xcconfig */;
			buildSettings = {
				ALWAYS_EMBED_SWIFT_STANDARD_LIBRARIES = YES;
				DEVELOPMENT_TEAM = 5EB567WJ73;
				INFOPLIST_FILE = PictoriousUITests/Info.plist;
				LD_RUNPATH_SEARCH_PATHS = "$(inherited) @executable_path/Frameworks @loader_path/Frameworks";
				PRODUCT_BUNDLE_IDENTIFIER = "Jay-Balderas.PictoriousUITests";
				PRODUCT_NAME = "$(TARGET_NAME)";
				SWIFT_VERSION = 3.0;
				TEST_TARGET_NAME = Pictorious;
			};
			name = Debug;
		};
		28268A3B1F1A5F96008226F5 /* Release */ = {
			isa = XCBuildConfiguration;
			baseConfigurationReference = 1C5B29AC77827CB0888E7B0F /* Pods-PictoriousUITests.release.xcconfig */;
			buildSettings = {
				ALWAYS_EMBED_SWIFT_STANDARD_LIBRARIES = YES;
				DEVELOPMENT_TEAM = 5EB567WJ73;
				INFOPLIST_FILE = PictoriousUITests/Info.plist;
				LD_RUNPATH_SEARCH_PATHS = "$(inherited) @executable_path/Frameworks @loader_path/Frameworks";
				PRODUCT_BUNDLE_IDENTIFIER = "Jay-Balderas.PictoriousUITests";
				PRODUCT_NAME = "$(TARGET_NAME)";
				SWIFT_VERSION = 3.0;
				TEST_TARGET_NAME = Pictorious;
			};
			name = Release;
		};
/* End XCBuildConfiguration section */

/* Begin XCConfigurationList section */
		28268A031F1A5F96008226F5 /* Build configuration list for PBXProject "Pictorious" */ = {
			isa = XCConfigurationList;
			buildConfigurations = (
				28268A311F1A5F96008226F5 /* Debug */,
				28268A321F1A5F96008226F5 /* Release */,
			);
			defaultConfigurationIsVisible = 0;
			defaultConfigurationName = Release;
		};
		28268A331F1A5F96008226F5 /* Build configuration list for PBXNativeTarget "Pictorious" */ = {
			isa = XCConfigurationList;
			buildConfigurations = (
				28268A341F1A5F96008226F5 /* Debug */,
				28268A351F1A5F96008226F5 /* Release */,
			);
			defaultConfigurationIsVisible = 0;
			defaultConfigurationName = Release;
		};
		28268A361F1A5F96008226F5 /* Build configuration list for PBXNativeTarget "PictoriousTests" */ = {
			isa = XCConfigurationList;
			buildConfigurations = (
				28268A371F1A5F96008226F5 /* Debug */,
				28268A381F1A5F96008226F5 /* Release */,
			);
			defaultConfigurationIsVisible = 0;
			defaultConfigurationName = Release;
		};
		28268A391F1A5F96008226F5 /* Build configuration list for PBXNativeTarget "PictoriousUITests" */ = {
			isa = XCConfigurationList;
			buildConfigurations = (
				28268A3A1F1A5F96008226F5 /* Debug */,
				28268A3B1F1A5F96008226F5 /* Release */,
			);
			defaultConfigurationIsVisible = 0;
			defaultConfigurationName = Release;
		};
/* End XCConfigurationList section */

/* Begin XCVersionGroup section */
		28268A121F1A5F96008226F5 /* Pictorious.xcdatamodeld */ = {
			isa = XCVersionGroup;
			children = (
				28268A131F1A5F96008226F5 /* Pictorious.xcdatamodel */,
			);
			currentVersion = 28268A131F1A5F96008226F5 /* Pictorious.xcdatamodel */;
			path = Pictorious.xcdatamodeld;
			sourceTree = "<group>";
			versionGroupType = wrapper.xcdatamodel;
		};
/* End XCVersionGroup section */
	};
	rootObject = 28268A001F1A5F96008226F5 /* Project object */;
}
